// !$*UTF8*$!
{
	archiveVersion = 1;
	classes = {
	};
	objectVersion = 48;
	objects = {

/* Begin PBXBuildFile section */
		BA697FCE201DF9B400DFAFBA /* AppDelegate.swift in Sources */ = {isa = PBXBuildFile; fileRef = BA697FCD201DF9B400DFAFBA /* AppDelegate.swift */; };
		BA697FD0201DF9B400DFAFBA /* ViewController.swift in Sources */ = {isa = PBXBuildFile; fileRef = BA697FCF201DF9B400DFAFBA /* ViewController.swift */; };
		BA697FD3201DF9B400DFAFBA /* Main.storyboard in Resources */ = {isa = PBXBuildFile; fileRef = BA697FD1201DF9B400DFAFBA /* Main.storyboard */; };
		BA697FD5201DF9B400DFAFBA /* Assets.xcassets in Resources */ = {isa = PBXBuildFile; fileRef = BA697FD4201DF9B400DFAFBA /* Assets.xcassets */; };
		BA697FD8201DF9B400DFAFBA /* LaunchScreen.storyboard in Resources */ = {isa = PBXBuildFile; fileRef = BA697FD6201DF9B400DFAFBA /* LaunchScreen.storyboard */; };
/* End PBXBuildFile section */

/* Begin PBXFileReference section */
		BA697FCA201DF9B400DFAFBA /* HelloWorldJavierP.app */ = {isa = PBXFileReference; explicitFileType = wrapper.application; includeInIndex = 0; path = HelloWorldJavierP.app; sourceTree = BUILT_PRODUCTS_DIR; };
		BA697FCD201DF9B400DFAFBA /* AppDelegate.swift */ = {isa = PBXFileReference; lastKnownFileType = sourcecode.swift; path = AppDelegate.swift; sourceTree = "<group>"; };
		BA697FCF201DF9B400DFAFBA /* ViewController.swift */ = {isa = PBXFileReference; lastKnownFileType = sourcecode.swift; path = ViewController.swift; sourceTree = "<group>"; };
		BA697FD2201DF9B400DFAFBA /* Base */ = {isa = PBXFileReference; lastKnownFileType = file.storyboard; name = Base; path = Base.lproj/Main.storyboard; sourceTree = "<group>"; };
		BA697FD4201DF9B400DFAFBA /* Assets.xcassets */ = {isa = PBXFileReference; lastKnownFileType = folder.assetcatalog; path = Assets.xcassets; sourceTree = "<group>"; };
		BA697FD7201DF9B400DFAFBA /* Base */ = {isa = PBXFileReference; lastKnownFileType = file.storyboard; name = Base; path = Base.lproj/LaunchScreen.storyboard; sourceTree = "<group>"; };
		BA697FD9201DF9B400DFAFBA /* Info.plist */ = {isa = PBXFileReference; lastKnownFileType = text.plist.xml; path = Info.plist; sourceTree = "<group>"; };
/* End PBXFileReference section */

/* Begin PBXFrameworksBuildPhase section */
		BA697FC7201DF9B400DFAFBA /* Frameworks */ = {
			isa = PBXFrameworksBuildPhase;
			buildActionMask = 2147483647;
			files = (
			);
			runOnlyForDeploymentPostprocessing = 0;
		};
/* End PBXFrameworksBuildPhase section */

/* Begin PBXGroup section */
		BA697FC1201DF9B300DFAFBA = {
			isa = PBXGroup;
			children = (
				BA697FCC201DF9B400DFAFBA /* HelloWorldJavierP */,
				BA697FCB201DF9B400DFAFBA /* Products */,
			);
			sourceTree = "<group>";
		};
		BA697FCB201DF9B400DFAFBA /* Products */ = {
			isa = PBXGroup;
			children = (
				BA697FCA201DF9B400DFAFBA /* HelloWorldJavierP.app */,
			);
			name = Products;
			sourceTree = "<group>";
		};
		BA697FCC201DF9B400DFAFBA /* HelloWorldJavierP */ = {
			isa = PBXGroup;
			children = (
				BA697FCD201DF9B400DFAFBA /* AppDelegate.swift */,
				BA697FCF201DF9B400DFAFBA /* ViewController.swift */,
				BA697FD1201DF9B400DFAFBA /* Main.storyboard */,
				BA697FD4201DF9B400DFAFBA /* Assets.xcassets */,
				BA697FD6201DF9B400DFAFBA /* LaunchScreen.storyboard */,
				BA697FD9201DF9B400DFAFBA /* Info.plist */,
			);
			path = HelloWorldJavierP;
			sourceTree = "<group>";
		};
/* End PBXGroup section */

/* Begin PBXNativeTarget section */
		BA697FC9201DF9B400DFAFBA /* HelloWorldJavierP */ = {
			isa = PBXNativeTarget;
			buildConfigurationList = BA697FDC201DF9B400DFAFBA /* Build configuration list for PBXNativeTarget "HelloWorldJavierP" */;
			buildPhases = (
				BA697FC6201DF9B400DFAFBA /* Sources */,
				BA697FC7201DF9B400DFAFBA /* Frameworks */,
				BA697FC8201DF9B400DFAFBA /* Resources */,
			);
			buildRules = (
			);
			dependencies = (
			);
			name = HelloWorldJavierP;
			productName = HelloWorldJavierP;
			productReference = BA697FCA201DF9B400DFAFBA /* HelloWorldJavierP.app */;
			productType = "com.apple.product-type.application";
		};
/* End PBXNativeTarget section */

/* Begin PBXProject section */
		BA697FC2201DF9B400DFAFBA /* Project object */ = {
			isa = PBXProject;
			attributes = {
				LastSwiftUpdateCheck = 0920;
				LastUpgradeCheck = 0920;
				ORGANIZATIONNAME = JavierPerez;
				TargetAttributes = {
					BA697FC9201DF9B400DFAFBA = {
						CreatedOnToolsVersion = 9.2;
						ProvisioningStyle = Automatic;
					};
				};
			};
			buildConfigurationList = BA697FC5201DF9B400DFAFBA /* Build configuration list for PBXProject "HelloWorldJavierP" */;
			compatibilityVersion = "Xcode 8.0";
			developmentRegion = en;
			hasScannedForEncodings = 0;
			knownRegions = (
				en,
				Base,
			);
			mainGroup = BA697FC1201DF9B300DFAFBA;
			productRefGroup = BA697FCB201DF9B400DFAFBA /* Products */;
			projectDirPath = "";
			projectRoot = "";
			targets = (
				BA697FC9201DF9B400DFAFBA /* HelloWorldJavierP */,
			);
		};
/* End PBXProject section */

/* Begin PBXResourcesBuildPhase section */
		BA697FC8201DF9B400DFAFBA /* Resources */ = {
			isa = PBXResourcesBuildPhase;
			buildActionMask = 2147483647;
			files = (
				BA697FD8201DF9B400DFAFBA /* LaunchScreen.storyboard in Resources */,
				BA697FD5201DF9B400DFAFBA /* Assets.xcassets in Resources */,
				BA697FD3201DF9B400DFAFBA /* Main.storyboard in Resources */,
			);
			runOnlyForDeploymentPostprocessing = 0;
		};
/* End PBXResourcesBuildPhase section */

/* Begin PBXSourcesBuildPhase section */
		BA697FC6201DF9B400DFAFBA /* Sources */ = {
			isa = PBXSourcesBuildPhase;
			buildActionMask = 2147483647;
			files = (
				BA697FD0201DF9B400DFAFBA /* ViewController.swift in Sources */,
				BA697FCE201DF9B400DFAFBA /* AppDelegate.swift in Sources */,
			);
			runOnlyForDeploymentPostprocessing = 0;
		};
/* End PBXSourcesBuildPhase section */

/* Begin PBXVariantGroup section */
		BA697FD1201DF9B400DFAFBA /* Main.storyboard */ = {
			isa = PBXVariantGroup;
			children = (
				BA697FD2201DF9B400DFAFBA /* Base */,
			);
			name = Main.storyboard;
			sourceTree = "<group>";
		};
		BA697FD6201DF9B400DFAFBA /* LaunchScreen.storyboard */ = {
			isa = PBXVariantGroup;
			children = (
				BA697FD7201DF9B400DFAFBA /* Base */,
			);
			name = LaunchScreen.storyboard;
			sourceTree = "<group>";
		};
/* End PBXVariantGroup section */

/* Begin XCBuildConfiguration section */
		BA697FDA201DF9B400DFAFBA /* Debug */ = {
			isa = XCBuildConfiguration;
			buildSettings = {
				ALWAYS_SEARCH_USER_PATHS = NO;
				CLANG_ANALYZER_NONNULL = YES;
				CLANG_ANALYZER_NUMBER_OBJECT_CONVERSION = YES_AGGRESSIVE;
				CLANG_CXX_LANGUAGE_STANDARD = "gnu++14";
				CLANG_CXX_LIBRARY = "libc++";
				CLANG_ENABLE_MODULES = YES;
				CLANG_ENABLE_OBJC_ARC = YES;
				CLANG_WARN_BLOCK_CAPTURE_AUTORELEASING = YES;
				CLANG_WARN_BOOL_CONVERSION = YES;
				CLANG_WARN_COMMA = YES;
				CLANG_WARN_CONSTANT_CONVERSION = YES;
				CLANG_WARN_DIRECT_OBJC_ISA_USAGE = YES_ERROR;
				CLANG_WARN_DOCUMENTATION_COMMENTS = YES;
				CLANG_WARN_EMPTY_BODY = YES;
				CLANG_WARN_ENUM_CONVERSION = YES;
				CLANG_WARN_INFINITE_RECURSION = YES;
				CLANG_WARN_INT_CONVERSION = YES;
				CLANG_WARN_NON_LITERAL_NULL_CONVERSION = YES;
				CLANG_WARN_OBJC_LITERAL_CONVERSION = YES;
				CLANG_WARN_OBJC_ROOT_CLASS = YES_ERROR;
				CLANG_WARN_RANGE_LOOP_ANALYSIS = YES;
				CLANG_WARN_STRICT_PROTOTYPES = YES;
				CLANG_WARN_SUSPICIOUS_MOVE = YES;
				CLANG_WARN_UNGUARDED_AVAILABILITY = YES_AGGRESSIVE;
				CLANG_WARN_UNREACHABLE_CODE = YES;
				CLANG_WARN__DUPLICATE_METHOD_MATCH = YES;
				CODE_SIGN_IDENTITY = "iPhone Developer";
				COPY_PHASE_STRIP = NO;
				DEBUG_INFORMATION_FORMAT = dwarf;
				ENABLE_STRICT_OBJC_MSGSEND = YES;
				ENABLE_TESTABILITY = YES;
				GCC_C_LANGUAGE_STANDARD = gnu11;
				GCC_DYNAMIC_NO_PIC = NO;
				GCC_NO_COMMON_BLOCKS = YES;
				GCC_OPTIMIZATION_LEVEL = 0;
				GCC_PREPROCESSOR_DEFINITIONS = (
					"DEBUG=1",
					"$(inherited)",
				);
				GCC_WARN_64_TO_32_BIT_CONVERSION = YES;
				GCC_WARN_ABOUT_RETURN_TYPE = YES_ERROR;
				GCC_WARN_UNDECLARED_SELECTOR = YES;
				GCC_WARN_UNINITIALIZED_AUTOS = YES_AGGRESSIVE;
				GCC_WARN_UNUSED_FUNCTION = YES;
				GCC_WARN_UNUSED_VARIABLE = YES;
				IPHONEOS_DEPLOYMENT_TARGET = 11.2;
				MTL_ENABLE_DEBUG_INFO = YES;
				ONLY_ACTIVE_ARCH = YES;
				SDKROOT = iphoneos;
				SWIFT_ACTIVE_COMPILATION_CONDITIONS = DEBUG;
				SWIFT_OPTIMIZATION_LEVEL = "-Onone";
			};
			name = Debug;
		};
		BA697FDB201DF9B400DFAFBA /* Release */ = {
			isa = XCBuildConfiguration;
			buildSettings = {
				ALWAYS_SEARCH_USER_PATHS = NO;
				CLANG_ANALYZER_NONNULL = YES;
				CLANG_ANALYZER_NUMBER_OBJECT_CONVERSION = YES_AGGRESSIVE;
				CLANG_CXX_LANGUAGE_STANDARD = "gnu++14";
				CLANG_CXX_LIBRARY = "libc++";
				CLANG_ENABLE_MODULES = YES;
				CLANG_ENABLE_OBJC_ARC = YES;
				CLANG_WARN_BLOCK_CAPTURE_AUTORELEASING = YES;
				CLANG_WARN_BOOL_CONVERSION = YES;
				CLANG_WARN_COMMA = YES;
				CLANG_WARN_CONSTANT_CONVERSION = YES;
				CLANG_WARN_DIRECT_OBJC_ISA_USAGE = YES_ERROR;
				CLANG_WARN_DOCUMENTATION_COMMENTS = YES;
				CLANG_WARN_EMPTY_BODY = YES;
				CLANG_WARN_ENUM_CONVERSION = YES;
				CLANG_WARN_INFINITE_RECURSION = YES;
				CLANG_WARN_INT_CONVERSION = YES;
				CLANG_WARN_NON_LITERAL_NULL_CONVERSION = YES;
				CLANG_WARN_OBJC_LITERAL_CONVERSION = YES;
				CLANG_WARN_OBJC_ROOT_CLASS = YES_ERROR;
				CLANG_WARN_RANGE_LOOP_ANALYSIS = YES;
				CLANG_WARN_STRICT_PROTOTYPES = YES;
				CLANG_WARN_SUSPICIOUS_MOVE = YES;
				CLANG_WARN_UNGUARDED_AVAILABILITY = YES_AGGRESSIVE;
				CLANG_WARN_UNREACHABLE_CODE = YES;
				CLANG_WARN__DUPLICATE_METHOD_MATCH = YES;
				CODE_SIGN_IDENTITY = "iPhone Developer";
				COPY_PHASE_STRIP = NO;
				DEBUG_INFORMATION_FORMAT = "dwarf-with-dsym";
				ENABLE_NS_ASSERTIONS = NO;
				ENABLE_STRICT_OBJC_MSGSEND = YES;
				GCC_C_LANGUAGE_STANDARD = gnu11;
				GCC_NO_COMMON_BLOCKS = YES;
				GCC_WARN_64_TO_32_BIT_CONVERSION = YES;
				GCC_WARN_ABOUT_RETURN_TYPE = YES_ERROR;
				GCC_WARN_UNDECLARED_SELECTOR = YES;
				GCC_WARN_UNINITIALIZED_AUTOS = YES_AGGRESSIVE;
				GCC_WARN_UNUSED_FUNCTION = YES;
				GCC_WARN_UNUSED_VARIABLE = YES;
				IPHONEOS_DEPLOYMENT_TARGET = 11.2;
				MTL_ENABLE_DEBUG_INFO = NO;
				SDKROOT = iphoneos;
				SWIFT_OPTIMIZATION_LEVEL = "-Owholemodule";
				VALIDATE_PRODUCT = YES;
			};
			name = Release;
		};
		BA697FDD201DF9B400DFAFBA /* Debug */ = {
			isa = XCBuildConfiguration;
			buildSettings = {
				ASSETCATALOG_COMPILER_APPICON_NAME = AppIcon;
				CODE_SIGN_STYLE = Automatic;
				INFOPLIST_FILE = HelloWorldJavierP/Info.plist;
				LD_RUNPATH_SEARCH_PATHS = "$(inherited) @executable_path/Frameworks";
				PRODUCT_BUNDLE_IDENTIFIER = com.JavierPerez.HelloWorldJavierP;
				PRODUCT_NAME = "$(TARGET_NAME)";
				SWIFT_VERSION = 4.0;
				TARGETED_DEVICE_FAMILY = "1,2";
			};
			name = Debug;
		};
		BA697FDE201DF9B400DFAFBA /* Release */ = {
			isa = XCBuildConfiguration;
			buildSettings = {
				ASSETCATALOG_COMPILER_APPICON_NAME = AppIcon;
				CODE_SIGN_STYLE = Automatic;
				INFOPLIST_FILE = HelloWorldJavierP/Info.plist;
				LD_RUNPATH_SEARCH_PATHS = "$(inherited) @executable_path/Frameworks";
				PRODUCT_BUNDLE_IDENTIFIER = com.JavierPerez.HelloWorldJavierP;
				PRODUCT_NAME = "$(TARGET_NAME)";
				SWIFT_VERSION = 4.0;
				TARGETED_DEVICE_FAMILY = "1,2";
			};
			name = Release;
		};
/* End XCBuildConfiguration section */

/* Begin XCConfigurationList section */
		BA697FC5201DF9B400DFAFBA /* Build configuration list for PBXProject "HelloWorldJavierP" */ = {
			isa = XCConfigurationList;
			buildConfigurations = (
				BA697FDA201DF9B400DFAFBA /* Debug */,
				BA697FDB201DF9B400DFAFBA /* Release */,
			);
			defaultConfigurationIsVisible = 0;
			defaultConfigurationName = Release;
		};
		BA697FDC201DF9B400DFAFBA /* Build configuration list for PBXNativeTarget "HelloWorldJavierP" */ = {
			isa = XCConfigurationList;
			buildConfigurations = (
				BA697FDD201DF9B400DFAFBA /* Debug */,
				BA697FDE201DF9B400DFAFBA /* Release */,
			);
			defaultConfigurationIsVisible = 0;
			defaultConfigurationName = Release;
		};
/* End XCConfigurationList section */
	};
	rootObject = BA697FC2201DF9B400DFAFBA /* Project object */;
}
